
Microsoft Visual Studio Solution File, Format Version 12.00
# Visual Studio Version 17
VisualStudioVersion = 17.4.33103.184
MinimumVisualStudioVersion = 10.0.40219.1
Project("{FAE04EC0-301F-11D3-BF4B-00C04F79EFBC}") = "sha256hash", "sha256hash\sha256hash.csproj", "{D2DC485F-A9A3-4B30-95BF-EF5DBF65F315}"
EndProject
Global
	GlobalSection(SolutionConfigurationPlatforms) = preSolution
		Debug|Any CPU = Debug|Any CPU
		Release|Any CPU = Release|Any CPU
	EndGlobalSection
	GlobalSection(ProjectConfigurationPlatforms) = postSolution
		{D2DC485F-A9A3-4B30-95BF-EF5DBF65F315}.Debug|Any CPU.ActiveCfg = Debug|Any CPU
		{D2DC485F-A9A3-4B30-95BF-EF5DBF65F315}.Debug|Any CPU.Build.0 = Debug|Any CPU
		{D2DC485F-A9A3-4B30-95BF-EF5DBF65F315}.Release|Any CPU.ActiveCfg = Release|Any CPU
		{D2DC485F-A9A3-4B30-95BF-EF5DBF65F315}.Release|Any CPU.Build.0 = Release|Any CPU
	EndGlobalSection
	GlobalSection(SolutionProperties) = preSolution
		HideSolutionNode = FALSE
	EndGlobalSection
	GlobalSection(ExtensibilityGlobals) = postSolution
		SolutionGuid = {DCD06AD9-615B-42C4-BAC9-FCA0FB6940DB}
	EndGlobalSection
EndGlobal
